
Microsoft Visual Studio Solution File, Format Version 12.00
# Visual Studio Version 16
VisualStudioVersion = 16.0.31911.196
MinimumVisualStudioVersion = 10.0.40219.1
Project("{FAE04EC0-301F-11D3-BF4B-00C04F79EFBC}") = "جلسه 3 تمرین 1", "جلسه 3 تمرین 1\جلسه 3 تمرین 1.csproj", "{D7502167-E68E-421F-BD0F-DEF83244BF4B}"
EndProject
Global
	GlobalSection(SolutionConfigurationPlatforms) = preSolution
		Debug|Any CPU = Debug|Any CPU
		Release|Any CPU = Release|Any CPU
	EndGlobalSection
	GlobalSection(ProjectConfigurationPlatforms) = postSolution
		{D7502167-E68E-421F-BD0F-DEF83244BF4B}.Debug|Any CPU.ActiveCfg = Debug|Any CPU
		{D7502167-E68E-421F-BD0F-DEF83244BF4B}.Debug|Any CPU.Build.0 = Debug|Any CPU
		{D7502167-E68E-421F-BD0F-DEF83244BF4B}.Release|Any CPU.ActiveCfg = Release|Any CPU
		{D7502167-E68E-421F-BD0F-DEF83244BF4B}.Release|Any CPU.Build.0 = Release|Any CPU
	EndGlobalSection
	GlobalSection(SolutionProperties) = preSolution
		HideSolutionNode = FALSE
	EndGlobalSection
	GlobalSection(ExtensibilityGlobals) = postSolution
		SolutionGuid = {A27A47E9-E83F-4F3F-9661-BBFABEF72721}
	EndGlobalSection
EndGlobal
